
Microsoft Visual Studio Solution File, Format Version 12.00
# Visual Studio Version 16
VisualStudioVersion = 16.0.32630.194
MinimumVisualStudioVersion = 10.0.40219.1
Project("{FAE04EC0-301F-11D3-BF4B-00C04F79EFBC}") = "WebApplication2", "WebApplication2.csproj", "{0786D090-9981-4CFE-928A-E311D7502892}"
EndProject
Global
	GlobalSection(SolutionConfigurationPlatforms) = preSolution
		Debug|Any CPU = Debug|Any CPU
		Release|Any CPU = Release|Any CPU
	EndGlobalSection
	GlobalSection(ProjectConfigurationPlatforms) = postSolution
		{0786D090-9981-4CFE-928A-E311D7502892}.Debug|Any CPU.ActiveCfg = Debug|Any CPU
		{0786D090-9981-4CFE-928A-E311D7502892}.Debug|Any CPU.Build.0 = Debug|Any CPU
		{0786D090-9981-4CFE-928A-E311D7502892}.Release|Any CPU.ActiveCfg = Release|Any CPU
		{0786D090-9981-4CFE-928A-E311D7502892}.Release|Any CPU.Build.0 = Release|Any CPU
	EndGlobalSection
	GlobalSection(SolutionProperties) = preSolution
		HideSolutionNode = FALSE
	EndGlobalSection
	GlobalSection(ExtensibilityGlobals) = postSolution
		SolutionGuid = {D6E1237F-9549-4952-B511-DB7AB42E2155}
	EndGlobalSection
EndGlobal
