
Microsoft Visual Studio Solution File, Format Version 12.00
# Visual Studio Version 17
VisualStudioVersion = 17.7.34009.444
MinimumVisualStudioVersion = 10.0.40219.1
Project("{FAE04EC0-301F-11D3-BF4B-00C04F79EFBC}") = "mvcTwo", "mvcTwo.csproj", "{F6219F3D-A4FC-48C5-8ECC-FF8F85F52D85}"
EndProject
Global
	GlobalSection(SolutionConfigurationPlatforms) = preSolution
		Debug|Any CPU = Debug|Any CPU
		Release|Any CPU = Release|Any CPU
	EndGlobalSection
	GlobalSection(ProjectConfigurationPlatforms) = postSolution
		{F6219F3D-A4FC-48C5-8ECC-FF8F85F52D85}.Debug|Any CPU.ActiveCfg = Debug|Any CPU
		{F6219F3D-A4FC-48C5-8ECC-FF8F85F52D85}.Debug|Any CPU.Build.0 = Debug|Any CPU
		{F6219F3D-A4FC-48C5-8ECC-FF8F85F52D85}.Release|Any CPU.ActiveCfg = Release|Any CPU
		{F6219F3D-A4FC-48C5-8ECC-FF8F85F52D85}.Release|Any CPU.Build.0 = Release|Any CPU
	EndGlobalSection
	GlobalSection(SolutionProperties) = preSolution
		HideSolutionNode = FALSE
	EndGlobalSection
	GlobalSection(ExtensibilityGlobals) = postSolution
		SolutionGuid = {36F18BB4-9F7F-4AF6-B8D3-1555C329C610}
	EndGlobalSection
EndGlobal
